
Microsoft Visual Studio Solution File, Format Version 12.00
# Visual Studio Version 17
VisualStudioVersion = 17.13.35913.81 d17.13
MinimumVisualStudioVersion = 10.0.40219.1
Project("{FAE04EC0-301F-11D3-BF4B-00C04F79EFBC}") = "PaymentGatewayAPI", "PaymentGatewayAPI\PaymentGatewayAPI.csproj", "{954C02B7-B355-4565-BDEB-60114F1E3411}"
EndProject
Global
	GlobalSection(SolutionConfigurationPlatforms) = preSolution
		Debug|Any CPU = Debug|Any CPU
		Release|Any CPU = Release|Any CPU
	EndGlobalSection
	GlobalSection(ProjectConfigurationPlatforms) = postSolution
		{954C02B7-B355-4565-BDEB-60114F1E3411}.Debug|Any CPU.ActiveCfg = Debug|Any CPU
		{954C02B7-B355-4565-BDEB-60114F1E3411}.Debug|Any CPU.Build.0 = Debug|Any CPU
		{954C02B7-B355-4565-BDEB-60114F1E3411}.Release|Any CPU.ActiveCfg = Release|Any CPU
		{954C02B7-B355-4565-BDEB-60114F1E3411}.Release|Any CPU.Build.0 = Release|Any CPU
	EndGlobalSection
	GlobalSection(SolutionProperties) = preSolution
		HideSolutionNode = FALSE
	EndGlobalSection
	GlobalSection(ExtensibilityGlobals) = postSolution
		SolutionGuid = {8E774461-00BC-479B-8C28-AD583010AB2E}
	EndGlobalSection
EndGlobal
